
Microsoft Visual Studio Solution File, Format Version 12.00
# Visual Studio 15
Project("{FAE04EC0-301F-11D3-BF4B-00C04F79EFBC}") = "xelChineseZodiac", "xelChineseZodiac.csproj", "{D9835477-FE36-B8A9-86CB-335D93D87364}"
EndProject
Project("{FAE04EC0-301F-11D3-BF4B-00C04F79EFBC}") = "xelChineseZodiac.Editor", "xelChineseZodiac.Editor.csproj", "{F3A6B5DC-7F6F-A9DD-379E-33C14AFFD102}"
EndProject
Global
	GlobalSection(SolutionConfigurationPlatforms) = preSolution
		Debug|Any CPU = Debug|Any CPU
		Release|Any CPU = Release|Any CPU
	EndGlobalSection
	GlobalSection(ProjectConfigurationPlatforms) = postSolution
		{D9835477-FE36-B8A9-86CB-335D93D87364}.Debug|Any CPU.ActiveCfg = Debug|Any CPU
		{D9835477-FE36-B8A9-86CB-335D93D87364}.Debug|Any CPU.Build.0 = Debug|Any CPU
		{D9835477-FE36-B8A9-86CB-335D93D87364}.Release|Any CPU.ActiveCfg = Release|Any CPU
		{D9835477-FE36-B8A9-86CB-335D93D87364}.Release|Any CPU.Build.0 = Release|Any CPU
		{F3A6B5DC-7F6F-A9DD-379E-33C14AFFD102}.Debug|Any CPU.ActiveCfg = Debug|Any CPU
		{F3A6B5DC-7F6F-A9DD-379E-33C14AFFD102}.Debug|Any CPU.Build.0 = Debug|Any CPU
		{F3A6B5DC-7F6F-A9DD-379E-33C14AFFD102}.Release|Any CPU.ActiveCfg = Release|Any CPU
		{F3A6B5DC-7F6F-A9DD-379E-33C14AFFD102}.Release|Any CPU.Build.0 = Release|Any CPU
	EndGlobalSection
	GlobalSection(SolutionProperties) = preSolution
		HideSolutionNode = FALSE
	EndGlobalSection
EndGlobal
